dependencies:
- name: webservice
  repository: file://charts/webservice
  version: 0.1.4
- name: jobs
  repository: file://charts/jobs
  version: 0.1.5
- name: migrations
  repository: file://charts/migrations
  version: 0.1.6
- name: event-queue
  repository: file://charts/event-queue
  version: 0.1.7
- name: otel
  repository: file://charts/otel
  version: 0.1.0
- name: pty-proxy
  repository: file://charts/pty-proxy
  version: 0.1.7
- name: workspace-engine
  repository: file://charts/workspace-engine
  version: 0.1.0
digest: sha256:0e91f273ef3731567ede504f5dee53983823962a69f54d2e13047e221253f98b
generated: "2025-10-20T11:22:56.849671-07:00"
