dependencies:
- name: migrations
  repository: file://charts/migrations
  version: 0.1.6
- name: otel
  repository: file://charts/otel
  version: 0.2.3
- name: wandb-base
  repository: https://charts.wandb.ai
  version: 0.11.11
- name: wandb-base
  repository: https://charts.wandb.ai
  version: 0.11.11
- name: wandb-base
  repository: https://charts.wandb.ai
  version: 0.11.11
digest: sha256:72e6062b790e1d667365e54d31762af5ae4a16cddb4422a697843329ef6863a0
generated: "2026-05-11T10:43:19.537489-05:00"
