dependencies:
- name: webservice
  repository: file://charts/webservice
  version: 0.1.2
- name: job-policy-checker
  repository: file://charts/job-policy-checker
  version: 0.1.3
- name: migrations
  repository: file://charts/migrations
  version: 0.1.4
- name: event-worker
  repository: file://charts/event-worker
  version: 0.1.5
digest: sha256:1632ca8add804ae1e3c124e49ba3382e79e640b91383f7a3e09e1d63156f4cdf
generated: "2024-08-28T07:58:29.935989-05:00"
